
Microsoft Visual Studio Solution File, Format Version 12.00
# Visual Studio 14
VisualStudioVersion = 14.0.25420.1
MinimumVisualStudioVersion = 10.0.40219.1
Project("{FAE04EC0-301F-11D3-BF4B-00C04F79EFBC}") = "Shopping Cart", "Shopping Cart\Shopping Cart.csproj", "{BB3DB0C8-0E3B-4A74-92B5-94C0F8FC0002}"
EndProject
Global
	GlobalSection(SolutionConfigurationPlatforms) = preSolution
		Debug|Any CPU = Debug|Any CPU
		Release|Any CPU = Release|Any CPU
	EndGlobalSection
	GlobalSection(ProjectConfigurationPlatforms) = postSolution
		{BB3DB0C8-0E3B-4A74-92B5-94C0F8FC0002}.Debug|Any CPU.ActiveCfg = Debug|Any CPU
		{BB3DB0C8-0E3B-4A74-92B5-94C0F8FC0002}.Debug|Any CPU.Build.0 = Debug|Any CPU
		{BB3DB0C8-0E3B-4A74-92B5-94C0F8FC0002}.Release|Any CPU.ActiveCfg = Release|Any CPU
		{BB3DB0C8-0E3B-4A74-92B5-94C0F8FC0002}.Release|Any CPU.Build.0 = Release|Any CPU
	EndGlobalSection
	GlobalSection(SolutionProperties) = preSolution
		HideSolutionNode = FALSE
	EndGlobalSection
EndGlobal
